// !$*UTF8*$!
{
	archiveVersion = 1;
	classes = {
	};
	objectVersion = 46;
	objects = {

/* Begin PBXBuildFile section */
		468A60BF1FF7B5A200157FBD /* AppDelegate.swift in Sources */ = {isa = PBXBuildFile; fileRef = 468A60BE1FF7B5A200157FBD /* AppDelegate.swift */; };
		468A60C11FF7B5A200157FBD /* ViewController.swift in Sources */ = {isa = PBXBuildFile; fileRef = 468A60C01FF7B5A200157FBD /* ViewController.swift */; };
		468A60C41FF7B5A200157FBD /* Main.storyboard in Resources */ = {isa = PBXBuildFile; fileRef = 468A60C21FF7B5A200157FBD /* Main.storyboard */; };
		468A60C61FF7B5A200157FBD /* Assets.xcassets in Resources */ = {isa = PBXBuildFile; fileRef = 468A60C51FF7B5A200157FBD /* Assets.xcassets */; };
		468A60C91FF7B5A200157FBD /* LaunchScreen.storyboard in Resources */ = {isa = PBXBuildFile; fileRef = 468A60C71FF7B5A200157FBD /* LaunchScreen.storyboard */; };
/* End PBXBuildFile section */

/* Begin PBXFileReference section */
		468A60BB1FF7B5A200157FBD /* ensan.app */ = {isa = PBXFileReference; explicitFileType = wrapper.application; includeInIndex = 0; path = ensan.app; sourceTree = BUILT_PRODUCTS_DIR; };
		468A60BE1FF7B5A200157FBD /* AppDelegate.swift */ = {isa = PBXFileReference; lastKnownFileType = sourcecode.swift; path = AppDelegate.swift; sourceTree = "<group>"; };
		468A60C01FF7B5A200157FBD /* ViewController.swift */ = {isa = PBXFileReference; lastKnownFileType = sourcecode.swift; path = ViewController.swift; sourceTree = "<group>"; };
		468A60C31FF7B5A200157FBD /* Base */ = {isa = PBXFileReference; lastKnownFileType = file.storyboard; name = Base; path = Base.lproj/Main.storyboard; sourceTree = "<group>"; };
		468A60C51FF7B5A200157FBD /* Assets.xcassets */ = {isa = PBXFileReference; lastKnownFileType = folder.assetcatalog; path = Assets.xcassets; sourceTree = "<group>"; };
		468A60C81FF7B5A200157FBD /* Base */ = {isa = PBXFileReference; lastKnownFileType = file.storyboard; name = Base; path = Base.lproj/LaunchScreen.storyboard; sourceTree = "<group>"; };
		468A60CA1FF7B5A200157FBD /* Info.plist */ = {isa = PBXFileReference; lastKnownFileType = text.plist.xml; path = Info.plist; sourceTree = "<group>"; };
/* End PBXFileReference section */

/* Begin PBXFrameworksBuildPhase section */
		468A60B81FF7B5A200157FBD /* Frameworks */ = {
			isa = PBXFrameworksBuildPhase;
			buildActionMask = 2147483647;
			files = (
			);
			runOnlyForDeploymentPostprocessing = 0;
		};
/* End PBXFrameworksBuildPhase section */

/* Begin PBXGroup section */
		468A60B21FF7B5A200157FBD = {
			isa = PBXGroup;
			children = (
				468A60BD1FF7B5A200157FBD /* ensan */,
				468A60BC1FF7B5A200157FBD /* Products */,
			);
			sourceTree = "<group>";
		};
		468A60BC1FF7B5A200157FBD /* Products */ = {
			isa = PBXGroup;
			children = (
				468A60BB1FF7B5A200157FBD /* ensan.app */,
			);
			name = Products;
			sourceTree = "<group>";
		};
		468A60BD1FF7B5A200157FBD /* ensan */ = {
			isa = PBXGroup;
			children = (
				468A60BE1FF7B5A200157FBD /* AppDelegate.swift */,
				468A60C01FF7B5A200157FBD /* ViewController.swift */,
				468A60C21FF7B5A200157FBD /* Main.storyboard */,
				468A60C51FF7B5A200157FBD /* Assets.xcassets */,
				468A60C71FF7B5A200157FBD /* LaunchScreen.storyboard */,
				468A60CA1FF7B5A200157FBD /* Info.plist */,
			);
			path = ensan;
			sourceTree = "<group>";
		};
/* End PBXGroup section */

/* Begin PBXNativeTarget section */
		468A60BA1FF7B5A200157FBD /* ensan */ = {
			isa = PBXNativeTarget;
			buildConfigurationList = 468A60CD1FF7B5A200157FBD /* Build configuration list for PBXNativeTarget "ensan" */;
			buildPhases = (
				468A60B71FF7B5A200157FBD /* Sources */,
				468A60B81FF7B5A200157FBD /* Frameworks */,
				468A60B91FF7B5A200157FBD /* Resources */,
			);
			buildRules = (
			);
			dependencies = (
			);
			name = ensan;
			productName = ensan;
			productReference = 468A60BB1FF7B5A200157FBD /* ensan.app */;
			productType = "com.apple.product-type.application";
		};
/* End PBXNativeTarget section */

/* Begin PBXProject section */
		468A60B31FF7B5A200157FBD /* Project object */ = {
			isa = PBXProject;
			attributes = {
				LastSwiftUpdateCheck = 0830;
				LastUpgradeCheck = 0830;
				ORGANIZATIONNAME = "Ashkan Hesaraki";
				TargetAttributes = {
					468A60BA1FF7B5A200157FBD = {
						CreatedOnToolsVersion = 8.3.3;
						ProvisioningStyle = Automatic;
					};
				};
			};
			buildConfigurationList = 468A60B61FF7B5A200157FBD /* Build configuration list for PBXProject "ensan" */;
			compatibilityVersion = "Xcode 3.2";
			developmentRegion = English;
			hasScannedForEncodings = 0;
			knownRegions = (
				en,
				Base,
			);
			mainGroup = 468A60B21FF7B5A200157FBD;
			productRefGroup = 468A60BC1FF7B5A200157FBD /* Products */;
			projectDirPath = "";
			projectRoot = "";
			targets = (
				468A60BA1FF7B5A200157FBD /* ensan */,
			);
		};
/* End PBXProject section */

/* Begin PBXResourcesBuildPhase section */
		468A60B91FF7B5A200157FBD /* Resources */ = {
			isa = PBXResourcesBuildPhase;
			buildActionMask = 2147483647;
			files = (
				468A60C91FF7B5A200157FBD /* LaunchScreen.storyboard in Resources */,
				468A60C61FF7B5A200157FBD /* Assets.xcassets in Resources */,
				468A60C41FF7B5A200157FBD /* Main.storyboard in Resources */,
			);
			runOnlyForDeploymentPostprocessing = 0;
		};
/* End PBXResourcesBuildPhase section */

/* Begin PBXSourcesBuildPhase section */
		468A60B71FF7B5A200157FBD /* Sources */ = {
			isa = PBXSourcesBuildPhase;
			buildActionMask = 2147483647;
			files = (
				468A60C11FF7B5A200157FBD /* ViewController.swift in Sources */,
				468A60BF1FF7B5A200157FBD /* AppDelegate.swift in Sources */,
			);
			runOnlyForDeploymentPostprocessing = 0;
		};
/* End PBXSourcesBuildPhase section */

/* Begin PBXVariantGroup section */
		468A60C21FF7B5A200157FBD /* Main.storyboard */ = {
			isa = PBXVariantGroup;
			children = (
				468A60C31FF7B5A200157FBD /* Base */,
			);
			name = Main.storyboard;
			sourceTree = "<group>";
		};
		468A60C71FF7B5A200157FBD /* LaunchScreen.storyboard */ = {
			isa = PBXVariantGroup;
			children = (
				468A60C81FF7B5A200157FBD /* Base */,
			);
			name = LaunchScreen.storyboard;
			sourceTree = "<group>";
		};
/* End PBXVariantGroup section */

/* Begin XCBuildConfiguration section */
		468A60CB1FF7B5A200157FBD /* Debug */ = {
			isa = XCBuildConfiguration;
			buildSettings = {
				ALWAYS_SEARCH_USER_PATHS = NO;
				CLANG_ANALYZER_NONNULL = YES;
				CLANG_ANALYZER_NUMBER_OBJECT_CONVERSION = YES_AGGRESSIVE;
				CLANG_CXX_LANGUAGE_STANDARD = "gnu++0x";
				CLANG_CXX_LIBRARY = "libc++";
				CLANG_ENABLE_MODULES = YES;
				CLANG_ENABLE_OBJC_ARC = YES;
				CLANG_WARN_BOOL_CONVERSION = YES;
				CLANG_WARN_CONSTANT_CONVERSION = YES;
				CLANG_WARN_DIRECT_OBJC_ISA_USAGE = YES_ERROR;
				CLANG_WARN_DOCUMENTATION_COMMENTS = YES;
				CLANG_WARN_EMPTY_BODY = YES;
				CLANG_WARN_ENUM_CONVERSION = YES;
				CLANG_WARN_INFINITE_RECURSION = YES;
				CLANG_WARN_INT_CONVERSION = YES;
				CLANG_WARN_OBJC_ROOT_CLASS = YES_ERROR;
				CLANG_WARN_SUSPICIOUS_MOVE = YES;
				CLANG_WARN_UNREACHABLE_CODE = YES;
				CLANG_WARN__DUPLICATE_METHOD_MATCH = YES;
				"CODE_SIGN_IDENTITY[sdk=iphoneos*]" = "iPhone Developer";
				COPY_PHASE_STRIP = NO;
				DEBUG_INFORMATION_FORMAT = dwarf;
				ENABLE_STRICT_OBJC_MSGSEND = YES;
				ENABLE_TESTABILITY = YES;
				GCC_C_LANGUAGE_STANDARD = gnu99;
				GCC_DYNAMIC_NO_PIC = NO;
				GCC_NO_COMMON_BLOCKS = YES;
				GCC_OPTIMIZATION_LEVEL = 0;
				GCC_PREPROCESSOR_DEFINITIONS = (
					"DEBUG=1",
					"$(inherited)",
				);
				GCC_WARN_64_TO_32_BIT_CONVERSION = YES;
				GCC_WARN_ABOUT_RETURN_TYPE = YES_ERROR;
				GCC_WARN_UNDECLARED_SELECTOR = YES;
				GCC_WARN_UNINITIALIZED_AUTOS = YES_AGGRESSIVE;
				GCC_WARN_UNUSED_FUNCTION = YES;
				GCC_WARN_UNUSED_VARIABLE = YES;
				IPHONEOS_DEPLOYMENT_TARGET = 10.3;
				MTL_ENABLE_DEBUG_INFO = YES;
				ONLY_ACTIVE_ARCH = YES;
				SDKROOT = iphoneos;
				SWIFT_ACTIVE_COMPILATION_CONDITIONS = DEBUG;
				SWIFT_OPTIMIZATION_LEVEL = "-Onone";
			};
			name = Debug;
		};
		468A60CC1FF7B5A200157FBD /* Release */ = {
			isa = XCBuildConfiguration;
			buildSettings = {
				ALWAYS_SEARCH_USER_PATHS = NO;
				CLANG_ANALYZER_NONNULL = YES;
				CLANG_ANALYZER_NUMBER_OBJECT_CONVERSION = YES_AGGRESSIVE;
				CLANG_CXX_LANGUAGE_STANDARD = "gnu++0x";
				CLANG_CXX_LIBRARY = "libc++";
				CLANG_ENABLE_MODULES = YES;
				CLANG_ENABLE_OBJC_ARC = YES;
				CLANG_WARN_BOOL_CONVERSION = YES;
				CLANG_WARN_CONSTANT_CONVERSION = YES;
				CLANG_WARN_DIRECT_OBJC_ISA_USAGE = YES_ERROR;
				CLANG_WARN_DOCUMENTATION_COMMENTS = YES;
				CLANG_WARN_EMPTY_BODY = YES;
				CLANG_WARN_ENUM_CONVERSION = YES;
				CLANG_WARN_INFINITE_RECURSION = YES;
				CLANG_WARN_INT_CONVERSION = YES;
				CLANG_WARN_OBJC_ROOT_CLASS = YES_ERROR;
				CLANG_WARN_SUSPICIOUS_MOVE = YES;
				CLANG_WARN_UNREACHABLE_CODE = YES;
				CLANG_WARN__DUPLICATE_METHOD_MATCH = YES;
				"CODE_SIGN_IDENTITY[sdk=iphoneos*]" = "iPhone Developer";
				COPY_PHASE_STRIP = NO;
				DEBUG_INFORMATION_FORMAT = "dwarf-with-dsym";
				ENABLE_NS_ASSERTIONS = NO;
				ENABLE_STRICT_OBJC_MSGSEND = YES;
				GCC_C_LANGUAGE_STANDARD = gnu99;
				GCC_NO_COMMON_BLOCKS = YES;
				GCC_WARN_64_TO_32_BIT_CONVERSION = YES;
				GCC_WARN_ABOUT_RETURN_TYPE = YES_ERROR;
				GCC_WARN_UNDECLARED_SELECTOR = YES;
				GCC_WARN_UNINITIALIZED_AUTOS = YES_AGGRESSIVE;
				GCC_WARN_UNUSED_FUNCTION = YES;
				GCC_WARN_UNUSED_VARIABLE = YES;
				IPHONEOS_DEPLOYMENT_TARGET = 10.3;
				MTL_ENABLE_DEBUG_INFO = NO;
				SDKROOT = iphoneos;
				SWIFT_OPTIMIZATION_LEVEL = "-Owholemodule";
				VALIDATE_PRODUCT = YES;
			};
			name = Release;
		};
		468A60CE1FF7B5A200157FBD /* Debug */ = {
			isa = XCBuildConfiguration;
			buildSettings = {
				ASSETCATALOG_COMPILER_APPICON_NAME = AppIcon;
				INFOPLIST_FILE = ensan/Info.plist;
				LD_RUNPATH_SEARCH_PATHS = "$(inherited) @executable_path/Frameworks";
				PRODUCT_BUNDLE_IDENTIFIER = ir.app..ensan;
				PRODUCT_NAME = "$(TARGET_NAME)";
				SWIFT_VERSION = 3.0;
			};
			name = Debug;
		};
		468A60CF1FF7B5A200157FBD /* Release */ = {
			isa = XCBuildConfiguration;
			buildSettings = {
				ASSETCATALOG_COMPILER_APPICON_NAME = AppIcon;
				INFOPLIST_FILE = ensan/Info.plist;
				LD_RUNPATH_SEARCH_PATHS = "$(inherited) @executable_path/Frameworks";
				PRODUCT_BUNDLE_IDENTIFIER = ir.app..ensan;
				PRODUCT_NAME = "$(TARGET_NAME)";
				SWIFT_VERSION = 3.0;
			};
			name = Release;
		};
/* End XCBuildConfiguration section */

/* Begin XCConfigurationList section */
		468A60B61FF7B5A200157FBD /* Build configuration list for PBXProject "ensan" */ = {
			isa = XCConfigurationList;
			buildConfigurations = (
				468A60CB1FF7B5A200157FBD /* Debug */,
				468A60CC1FF7B5A200157FBD /* Release */,
			);
			defaultConfigurationIsVisible = 0;
			defaultConfigurationName = Release;
		};
		468A60CD1FF7B5A200157FBD /* Build configuration list for PBXNativeTarget "ensan" */ = {
			isa = XCConfigurationList;
			buildConfigurations = (
				468A60CE1FF7B5A200157FBD /* Debug */,
				468A60CF1FF7B5A200157FBD /* Release */,
			);
			defaultConfigurationIsVisible = 0;
		};
/* End XCConfigurationList section */
	};
	rootObject = 468A60B31FF7B5A200157FBD /* Project object */;
}
